// !$*UTF8*$!
{
	archiveVersion = 1;
	classes = {
	};
	objectVersion = 46;
	objects = {

/* Begin PBXBuildFile section */
		AAA1355F1DED7E860013C0D1 /* AppDelegate.swift in Sources */ = {isa = PBXBuildFile; fileRef = AAA1355E1DED7E860013C0D1 /* AppDelegate.swift */; };
		AAA135611DED7E860013C0D1 /* ViewController.swift in Sources */ = {isa = PBXBuildFile; fileRef = AAA135601DED7E860013C0D1 /* ViewController.swift */; };
		AAA135641DED7E860013C0D1 /* Main.storyboard in Resources */ = {isa = PBXBuildFile; fileRef = AAA135621DED7E860013C0D1 /* Main.storyboard */; };
		AAA135661DED7E860013C0D1 /* Assets.xcassets in Resources */ = {isa = PBXBuildFile; fileRef = AAA135651DED7E860013C0D1 /* Assets.xcassets */; };
		AAA135691DED7E860013C0D1 /* LaunchScreen.storyboard in Resources */ = {isa = PBXBuildFile; fileRef = AAA135671DED7E860013C0D1 /* LaunchScreen.storyboard */; };
		AAA135771DED8F700013C0D1 /* bupt.gpx in Resources */ = {isa = PBXBuildFile; fileRef = AAA135761DED8F700013C0D1 /* bupt.gpx */; };
/* End PBXBuildFile section */

/* Begin PBXFileReference section */
		AAA1355B1DED7E860013C0D1 /* geo.app */ = {isa = PBXFileReference; explicitFileType = wrapper.application; includeInIndex = 0; path = geo.app; sourceTree = BUILT_PRODUCTS_DIR; };
		AAA1355E1DED7E860013C0D1 /* AppDelegate.swift */ = {isa = PBXFileReference; lastKnownFileType = sourcecode.swift; path = AppDelegate.swift; sourceTree = "<group>"; };
		AAA135601DED7E860013C0D1 /* ViewController.swift */ = {isa = PBXFileReference; lastKnownFileType = sourcecode.swift; path = ViewController.swift; sourceTree = "<group>"; };
		AAA135631DED7E860013C0D1 /* Base */ = {isa = PBXFileReference; lastKnownFileType = file.storyboard; name = Base; path = Base.lproj/Main.storyboard; sourceTree = "<group>"; };
		AAA135651DED7E860013C0D1 /* Assets.xcassets */ = {isa = PBXFileReference; lastKnownFileType = folder.assetcatalog; path = Assets.xcassets; sourceTree = "<group>"; };
		AAA135681DED7E860013C0D1 /* Base */ = {isa = PBXFileReference; lastKnownFileType = file.storyboard; name = Base; path = Base.lproj/LaunchScreen.storyboard; sourceTree = "<group>"; };
		AAA1356A1DED7E860013C0D1 /* Info.plist */ = {isa = PBXFileReference; lastKnownFileType = text.plist.xml; path = Info.plist; sourceTree = "<group>"; };
		AAA135761DED8F700013C0D1 /* bupt.gpx */ = {isa = PBXFileReference; fileEncoding = 4; lastKnownFileType = text.xml; path = bupt.gpx; sourceTree = "<group>"; };
/* End PBXFileReference section */

/* Begin PBXFrameworksBuildPhase section */
		AAA135581DED7E860013C0D1 /* Frameworks */ = {
			isa = PBXFrameworksBuildPhase;
			buildActionMask = 2147483647;
			files = (
			);
			runOnlyForDeploymentPostprocessing = 0;
		};
/* End PBXFrameworksBuildPhase section */

/* Begin PBXGroup section */
		AAA135521DED7E860013C0D1 = {
			isa = PBXGroup;
			children = (
				AAA135761DED8F700013C0D1 /* bupt.gpx */,
				AAA1355D1DED7E860013C0D1 /* geo */,
				AAA1355C1DED7E860013C0D1 /* Products */,
			);
			sourceTree = "<group>";
		};
		AAA1355C1DED7E860013C0D1 /* Products */ = {
			isa = PBXGroup;
			children = (
				AAA1355B1DED7E860013C0D1 /* geo.app */,
			);
			name = Products;
			sourceTree = "<group>";
		};
		AAA1355D1DED7E860013C0D1 /* geo */ = {
			isa = PBXGroup;
			children = (
				AAA1355E1DED7E860013C0D1 /* AppDelegate.swift */,
				AAA135601DED7E860013C0D1 /* ViewController.swift */,
				AAA135621DED7E860013C0D1 /* Main.storyboard */,
				AAA135651DED7E860013C0D1 /* Assets.xcassets */,
				AAA135671DED7E860013C0D1 /* LaunchScreen.storyboard */,
				AAA1356A1DED7E860013C0D1 /* Info.plist */,
			);
			path = geo;
			sourceTree = "<group>";
		};
/* End PBXGroup section */

/* Begin PBXNativeTarget section */
		AAA1355A1DED7E860013C0D1 /* geo */ = {
			isa = PBXNativeTarget;
			buildConfigurationList = AAA1356D1DED7E860013C0D1 /* Build configuration list for PBXNativeTarget "geo" */;
			buildPhases = (
				AAA135571DED7E860013C0D1 /* Sources */,
				AAA135581DED7E860013C0D1 /* Frameworks */,
				AAA135591DED7E860013C0D1 /* Resources */,
			);
			buildRules = (
			);
			dependencies = (
			);
			name = geo;
			productName = geo;
			productReference = AAA1355B1DED7E860013C0D1 /* geo.app */;
			productType = "com.apple.product-type.application";
		};
/* End PBXNativeTarget section */

/* Begin PBXProject section */
		AAA135531DED7E860013C0D1 /* Project object */ = {
			isa = PBXProject;
			attributes = {
				LastSwiftUpdateCheck = 0810;
				LastUpgradeCheck = 0810;
				ORGANIZATIONNAME = SebastianBlade;
				TargetAttributes = {
					AAA1355A1DED7E860013C0D1 = {
						CreatedOnToolsVersion = 8.1;
						DevelopmentTeam = 6MQ3KW2H9N;
						ProvisioningStyle = Automatic;
					};
				};
			};
			buildConfigurationList = AAA135561DED7E860013C0D1 /* Build configuration list for PBXProject "geo" */;
			compatibilityVersion = "Xcode 3.2";
			developmentRegion = English;
			hasScannedForEncodings = 0;
			knownRegions = (
				en,
				Base,
			);
			mainGroup = AAA135521DED7E860013C0D1;
			productRefGroup = AAA1355C1DED7E860013C0D1 /* Products */;
			projectDirPath = "";
			projectRoot = "";
			targets = (
				AAA1355A1DED7E860013C0D1 /* geo */,
			);
		};
/* End PBXProject section */

/* Begin PBXResourcesBuildPhase section */
		AAA135591DED7E860013C0D1 /* Resources */ = {
			isa = PBXResourcesBuildPhase;
			buildActionMask = 2147483647;
			files = (
				AAA135771DED8F700013C0D1 /* bupt.gpx in Resources */,
				AAA135691DED7E860013C0D1 /* LaunchScreen.storyboard in Resources */,
				AAA135661DED7E860013C0D1 /* Assets.xcassets in Resources */,
				AAA135641DED7E860013C0D1 /* Main.storyboard in Resources */,
			);
			runOnlyForDeploymentPostprocessing = 0;
		};
/* End PBXResourcesBuildPhase section */

/* Begin PBXSourcesBuildPhase section */
		AAA135571DED7E860013C0D1 /* Sources */ = {
			isa = PBXSourcesBuildPhase;
			buildActionMask = 2147483647;
			files = (
				AAA135611DED7E860013C0D1 /* ViewController.swift in Sources */,
				AAA1355F1DED7E860013C0D1 /* AppDelegate.swift in Sources */,
			);
			runOnlyForDeploymentPostprocessing = 0;
		};
/* End PBXSourcesBuildPhase section */

/* Begin PBXVariantGroup section */
		AAA135621DED7E860013C0D1 /* Main.storyboard */ = {
			isa = PBXVariantGroup;
			children = (
				AAA135631DED7E860013C0D1 /* Base */,
			);
			name = Main.storyboard;
			sourceTree = "<group>";
		};
		AAA135671DED7E860013C0D1 /* LaunchScreen.storyboard */ = {
			isa = PBXVariantGroup;
			children = (
				AAA135681DED7E860013C0D1 /* Base */,
			);
			name = LaunchScreen.storyboard;
			sourceTree = "<group>";
		};
/* End PBXVariantGroup section */

/* Begin XCBuildConfiguration section */
		AAA1356B1DED7E860013C0D1 /* Debug */ = {
			isa = XCBuildConfiguration;
			buildSettings = {
				ALWAYS_SEARCH_USER_PATHS = NO;
				CLANG_ANALYZER_NONNULL = YES;
				CLANG_CXX_LANGUAGE_STANDARD = "gnu++0x";
				CLANG_CXX_LIBRARY = "libc++";
				CLANG_ENABLE_MODULES = YES;
				CLANG_ENABLE_OBJC_ARC = YES;
				CLANG_WARN_BOOL_CONVERSION = YES;
				CLANG_WARN_CONSTANT_CONVERSION = YES;
				CLANG_WARN_DIRECT_OBJC_ISA_USAGE = YES_ERROR;
				CLANG_WARN_DOCUMENTATION_COMMENTS = YES;
				CLANG_WARN_EMPTY_BODY = YES;
				CLANG_WARN_ENUM_CONVERSION = YES;
				CLANG_WARN_INFINITE_RECURSION = YES;
				CLANG_WARN_INT_CONVERSION = YES;
				CLANG_WARN_OBJC_ROOT_CLASS = YES_ERROR;
				CLANG_WARN_SUSPICIOUS_MOVES = YES;
				CLANG_WARN_UNREACHABLE_CODE = YES;
				CLANG_WARN__DUPLICATE_METHOD_MATCH = YES;
				"CODE_SIGN_IDENTITY[sdk=iphoneos*]" = "iPhone Developer";
				COPY_PHASE_STRIP = NO;
				DEBUG_INFORMATION_FORMAT = dwarf;
				ENABLE_STRICT_OBJC_MSGSEND = YES;
				ENABLE_TESTABILITY = YES;
				GCC_C_LANGUAGE_STANDARD = gnu99;
				GCC_DYNAMIC_NO_PIC = NO;
				GCC_NO_COMMON_BLOCKS = YES;
				GCC_OPTIMIZATION_LEVEL = 0;
				GCC_PREPROCESSOR_DEFINITIONS = (
					"DEBUG=1",
					"$(inherited)",
				);
				GCC_WARN_64_TO_32_BIT_CONVERSION = YES;
				GCC_WARN_ABOUT_RETURN_TYPE = YES_ERROR;
				GCC_WARN_UNDECLARED_SELECTOR = YES;
				GCC_WARN_UNINITIALIZED_AUTOS = YES_AGGRESSIVE;
				GCC_WARN_UNUSED_FUNCTION = YES;
				GCC_WARN_UNUSED_VARIABLE = YES;
				IPHONEOS_DEPLOYMENT_TARGET = 10.1;
				MTL_ENABLE_DEBUG_INFO = YES;
				ONLY_ACTIVE_ARCH = YES;
				SDKROOT = iphoneos;
				SWIFT_ACTIVE_COMPILATION_CONDITIONS = DEBUG;
				SWIFT_OPTIMIZATION_LEVEL = "-Onone";
			};
			name = Debug;
		};
		AAA1356C1DED7E860013C0D1 /* Release */ = {
			isa = XCBuildConfiguration;
			buildSettings = {
				ALWAYS_SEARCH_USER_PATHS = NO;
				CLANG_ANALYZER_NONNULL = YES;
				CLANG_CXX_LANGUAGE_STANDARD = "gnu++0x";
				CLANG_CXX_LIBRARY = "libc++";
				CLANG_ENABLE_MODULES = YES;
				CLANG_ENABLE_OBJC_ARC = YES;
				CLANG_WARN_BOOL_CONVERSION = YES;
				CLANG_WARN_CONSTANT_CONVERSION = YES;
				CLANG_WARN_DIRECT_OBJC_ISA_USAGE = YES_ERROR;
				CLANG_WARN_DOCUMENTATION_COMMENTS = YES;
				CLANG_WARN_EMPTY_BODY = YES;
				CLANG_WARN_ENUM_CONVERSION = YES;
				CLANG_WARN_INFINITE_RECURSION = YES;
				CLANG_WARN_INT_CONVERSION = YES;
				CLANG_WARN_OBJC_ROOT_CLASS = YES_ERROR;
				CLANG_WARN_SUSPICIOUS_MOVES = YES;
				CLANG_WARN_UNREACHABLE_CODE = YES;
				CLANG_WARN__DUPLICATE_METHOD_MATCH = YES;
				"CODE_SIGN_IDENTITY[sdk=iphoneos*]" = "iPhone Developer";
				COPY_PHASE_STRIP = NO;
				DEBUG_INFORMATION_FORMAT = "dwarf-with-dsym";
				ENABLE_NS_ASSERTIONS = NO;
				ENABLE_STRICT_OBJC_MSGSEND = YES;
				GCC_C_LANGUAGE_STANDARD = gnu99;
				GCC_NO_COMMON_BLOCKS = YES;
				GCC_WARN_64_TO_32_BIT_CONVERSION = YES;
				GCC_WARN_ABOUT_RETURN_TYPE = YES_ERROR;
				GCC_WARN_UNDECLARED_SELECTOR = YES;
				GCC_WARN_UNINITIALIZED_AUTOS = YES_AGGRESSIVE;
				GCC_WARN_UNUSED_FUNCTION = YES;
				GCC_WARN_UNUSED_VARIABLE = YES;
				IPHONEOS_DEPLOYMENT_TARGET = 10.1;
				MTL_ENABLE_DEBUG_INFO = NO;
				SDKROOT = iphoneos;
				SWIFT_OPTIMIZATION_LEVEL = "-Owholemodule";
				VALIDATE_PRODUCT = YES;
			};
			name = Release;
		};
		AAA1356E1DED7E860013C0D1 /* Debug */ = {
			isa = XCBuildConfiguration;
			buildSettings = {
				ASSETCATALOG_COMPILER_APPICON_NAME = AppIcon;
				CODE_SIGN_IDENTITY = "iPhone Developer";
				DEVELOPMENT_TEAM = 6MQ3KW2H9N;
				INFOPLIST_FILE = geo/Info.plist;
				IPHONEOS_DEPLOYMENT_TARGET = 9.3;
				LD_RUNPATH_SEARCH_PATHS = "$(inherited) @executable_path/Frameworks";
				PRODUCT_BUNDLE_IDENTIFIER = SebastianBlade.geo;
				PRODUCT_NAME = "$(TARGET_NAME)";
				SWIFT_VERSION = 3.0;
			};
			name = Debug;
		};
		AAA1356F1DED7E860013C0D1 /* Release */ = {
			isa = XCBuildConfiguration;
			buildSettings = {
				ASSETCATALOG_COMPILER_APPICON_NAME = AppIcon;
				CODE_SIGN_IDENTITY = "iPhone Developer";
				DEVELOPMENT_TEAM = 6MQ3KW2H9N;
				INFOPLIST_FILE = geo/Info.plist;
				IPHONEOS_DEPLOYMENT_TARGET = 9.3;
				LD_RUNPATH_SEARCH_PATHS = "$(inherited) @executable_path/Frameworks";
				PRODUCT_BUNDLE_IDENTIFIER = SebastianBlade.geo;
				PRODUCT_NAME = "$(TARGET_NAME)";
				SWIFT_VERSION = 3.0;
			};
			name = Release;
		};
/* End XCBuildConfiguration section */

/* Begin XCConfigurationList section */
		AAA135561DED7E860013C0D1 /* Build configuration list for PBXProject "geo" */ = {
			isa = XCConfigurationList;
			buildConfigurations = (
				AAA1356B1DED7E860013C0D1 /* Debug */,
				AAA1356C1DED7E860013C0D1 /* Release */,
			);
			defaultConfigurationIsVisible = 0;
			defaultConfigurationName = Release;
		};
		AAA1356D1DED7E860013C0D1 /* Build configuration list for PBXNativeTarget "geo" */ = {
			isa = XCConfigurationList;
			buildConfigurations = (
				AAA1356E1DED7E860013C0D1 /* Debug */,
				AAA1356F1DED7E860013C0D1 /* Release */,
			);
			defaultConfigurationIsVisible = 0;
		};
/* End XCConfigurationList section */
	};
	rootObject = AAA135531DED7E860013C0D1 /* Project object */;
}
